{
    "_readme": [
        "This file locks the dependencies of your project to a known state",
        "Read more about it at https://getcomposer.org/doc/01-basic-usage.md#installing-dependencies",
        "This file is @generated automatically"
    ],
    "content-hash": "ae95be37f78569ce99a5922d9efebbc8",
    "packages": [
        {
            "name": "ddeboer/imap",
            "version": "1.19.0",
            "source": {
                "type": "git",
                "url": "https://github.com/ddeboer/imap.git",
                "reference": "30800b1cfeacc4add5bb418e40a8b6e95a8a04ac"
            },
            "dist": {
                "type": "zip",
                "url": "https://api.github.com/repos/ddeboer/imap/zipball/30800b1cfeacc4add5bb418e40a8b6e95a8a04ac",
                "reference": "30800b1cfeacc4add5bb418e40a8b6e95a8a04ac",
                "shasum": ""
            },
            "require": {
                "ext-dom": "*",
                "ext-iconv": "*",
                "ext-imap": "*",
                "ext-libxml": "*",
                "ext-mbstring": "*",
                "php": "~8.2.0 || ~8.3.0"
            },
            "require-dev": {
                "friendsofphp/php-cs-fixer": "^3.38.2",
                "laminas/laminas-mail": "^2.25.1",
                "phpstan/phpstan": "^1.10.43",
                "phpstan/phpstan-phpunit": "^1.3.15",
                "phpstan/phpstan-strict-rules": "^1.5.2",
                "phpunit/phpunit": "^10.4.2"
            },
            "type": "library",
            "autoload": {
                "psr-4": {
                    "Ddeboer\\Imap\\": "src/"
                }
            },
            "notification-url": "https://packagist.org/downloads/",
            "license": [
                "MIT"
            ],
            "authors": [
                {
                    "name": "David de Boer",
                    "email": "david@ddeboer.nl"
                },
                {
                    "name": "Filippo Tessarotto",
                    "email": "zoeslam@gmail.com"
                },
                {
                    "name": "Community contributors",
                    "homepage": "https://github.com/ddeboer/imap/graphs/contributors"
                }
            ],
            "description": "Object-oriented IMAP for PHP",
            "keywords": [
                "email",
                "imap",
                "mail"
            ],
            "support": {
                "issues": "https://github.com/ddeboer/imap/issues",
                "source": "https://github.com/ddeboer/imap/tree/1.19.0"
            },
            "funding": [
                {
                    "url": "https://github.com/Slamdunk",
                    "type": "github"
                },
                {
                    "url": "https://github.com/ddeboer",
                    "type": "github"
                }
            ],
            "time": "2023-11-20T14:41:54+00:00"
        },
        {
            "name": "phpmailer/phpmailer",
            "version": "v6.9.1",
            "source": {
                "type": "git",
                "url": "https://github.com/PHPMailer/PHPMailer.git",
                "reference": "039de174cd9c17a8389754d3b877a2ed22743e18"
            },
            "dist": {
                "type": "zip",
                "url": "https://api.github.com/repos/PHPMailer/PHPMailer/zipball/039de174cd9c17a8389754d3b877a2ed22743e18",
                "reference": "039de174cd9c17a8389754d3b877a2ed22743e18",
                "shasum": ""
            },
            "require": {
                "ext-ctype": "*",
                "ext-filter": "*",
                "ext-hash": "*",
                "php": ">=5.5.0"
            },
            "require-dev": {
                "dealerdirect/phpcodesniffer-composer-installer": "^1.0",
                "doctrine/annotations": "^1.2.6 || ^1.13.3",
                "php-parallel-lint/php-console-highlighter": "^1.0.0",
                "php-parallel-lint/php-parallel-lint": "^1.3.2",
                "phpcompatibility/php-compatibility": "^9.3.5",
                "roave/security-advisories": "dev-latest",
                "squizlabs/php_codesniffer": "^3.7.2",
                "yoast/phpunit-polyfills": "^1.0.4"
            },
            "suggest": {
                "decomplexity/SendOauth2": "Adapter for using XOAUTH2 authentication",
                "ext-mbstring": "Needed to send email in multibyte encoding charset or decode encoded addresses",
                "ext-openssl": "Needed for secure SMTP sending and DKIM signing",
                "greew/oauth2-azure-provider": "Needed for Microsoft Azure XOAUTH2 authentication",
                "hayageek/oauth2-yahoo": "Needed for Yahoo XOAUTH2 authentication",
                "league/oauth2-google": "Needed for Google XOAUTH2 authentication",
                "psr/log": "For optional PSR-3 debug logging",
                "symfony/polyfill-mbstring": "To support UTF-8 if the Mbstring PHP extension is not enabled (^1.2)",
                "thenetworg/oauth2-azure": "Needed for Microsoft XOAUTH2 authentication"
            },
            "type": "library",
            "autoload": {
                "psr-4": {
                    "PHPMailer\\PHPMailer\\": "src/"
                }
            },
            "notification-url": "https://packagist.org/downloads/",
            "license": [
                "LGPL-2.1-only"
            ],
            "authors": [
                {
                    "name": "Marcus Bointon",
                    "email": "phpmailer@synchromedia.co.uk"
                },
                {
                    "name": "Jim Jagielski",
                    "email": "jimjag@gmail.com"
                },
                {
                    "name": "Andy Prevost",
                    "email": "codeworxtech@users.sourceforge.net"
                },
                {
                    "name": "Brent R. Matzelle"
                }
            ],
            "description": "PHPMailer is a full-featured email creation and transfer class for PHP",
            "support": {
                "issues": "https://github.com/PHPMailer/PHPMailer/issues",
                "source": "https://github.com/PHPMailer/PHPMailer/tree/v6.9.1"
            },
            "funding": [
                {
                    "url": "https://github.com/Synchro",
                    "type": "github"
                }
            ],
            "time": "2023-11-25T22:23:28+00:00"
        }
    ],
    "packages-dev": [],
    "aliases": [],
    "minimum-stability": "stable",
    "stability-flags": [],
    "prefer-stable": false,
    "prefer-lowest": false,
    "platform": [],
    "platform-dev": [],
    "plugin-api-version": "2.6.0"
}
